// !$*UTF8*$!
{
	archiveVersion = 1;
	classes = {
	};
	objectVersion = 46;
	objects = {

/* Begin PBXBuildFile section */
		7E5BBE48284DDB5E2DE26DCA /* Pods_realmI_realmITests.framework in Frameworks */ = {isa = PBXBuildFile; fileRef = 4ED4AA8712D6BAAA46DC7589 /* Pods_realmI_realmITests.framework */; };
		B3D6F4A393F45704FBDC7B52 /* Pods_realmI.framework in Frameworks */ = {isa = PBXBuildFile; fileRef = 0EA1AC19010D71A802C502FF /* Pods_realmI.framework */; };
		DA19080F1D52553C007D6480 /* WantlistTableViewCell.swift in Sources */ = {isa = PBXBuildFile; fileRef = DA19080E1D52553C007D6480 /* WantlistTableViewCell.swift */; };
		DA1908111D5255E0007D6480 /* Design.swift in Sources */ = {isa = PBXBuildFile; fileRef = DA1908101D5255E0007D6480 /* Design.swift */; };
		DA1908131D5255EB007D6480 /* FloatRatingView.swift in Sources */ = {isa = PBXBuildFile; fileRef = DA1908121D5255EB007D6480 /* FloatRatingView.swift */; };
		DA2235551D4B832B00ABA979 /* AppDelegate.swift in Sources */ = {isa = PBXBuildFile; fileRef = DA2235541D4B832B00ABA979 /* AppDelegate.swift */; };
		DA22355C1D4B832B00ABA979 /* Assets.xcassets in Resources */ = {isa = PBXBuildFile; fileRef = DA22355B1D4B832B00ABA979 /* Assets.xcassets */; };
		DA22355F1D4B832B00ABA979 /* LaunchScreen.storyboard in Resources */ = {isa = PBXBuildFile; fileRef = DA22355D1D4B832B00ABA979 /* LaunchScreen.storyboard */; };
		DA22356A1D4B832B00ABA979 /* realmITests.swift in Sources */ = {isa = PBXBuildFile; fileRef = DA2235691D4B832B00ABA979 /* realmITests.swift */; };
		DA2235751D4B832B00ABA979 /* realmIUITests.swift in Sources */ = {isa = PBXBuildFile; fileRef = DA2235741D4B832B00ABA979 /* realmIUITests.swift */; };
		DA2235851D4B852E00ABA979 /* Podfile in Resources */ = {isa = PBXBuildFile; fileRef = DA2235841D4B852E00ABA979 /* Podfile */; };
		DA76E1661D4F47F10060D181 /* ListViewController.swift in Sources */ = {isa = PBXBuildFile; fileRef = DA76E1651D4F47F10060D181 /* ListViewController.swift */; };
		DAE5888D1D50F38F00D2677B /* RDataManager.swift in Sources */ = {isa = PBXBuildFile; fileRef = DAE5888B1D50F38E00D2677B /* RDataManager.swift */; };
		DAE5888E1D50F38F00D2677B /* RListWants.swift in Sources */ = {isa = PBXBuildFile; fileRef = DAE5888C1D50F38F00D2677B /* RListWants.swift */; };
		E3493C8752511D27797F550B /* Pods_realmI_realmIUITests.framework in Frameworks */ = {isa = PBXBuildFile; fileRef = 61FABF75C596B6B7840238F5 /* Pods_realmI_realmIUITests.framework */; };
/* End PBXBuildFile section */

/* Begin PBXContainerItemProxy section */
		DA2235661D4B832B00ABA979 /* PBXContainerItemProxy */ = {
			isa = PBXContainerItemProxy;
			containerPortal = DA2235491D4B832B00ABA979 /* Project object */;
			proxyType = 1;
			remoteGlobalIDString = DA2235501D4B832B00ABA979;
			remoteInfo = realmI;
		};
		DA2235711D4B832B00ABA979 /* PBXContainerItemProxy */ = {
			isa = PBXContainerItemProxy;
			containerPortal = DA2235491D4B832B00ABA979 /* Project object */;
			proxyType = 1;
			remoteGlobalIDString = DA2235501D4B832B00ABA979;
			remoteInfo = realmI;
		};
/* End PBXContainerItemProxy section */

/* Begin PBXFileReference section */
		0EA1AC19010D71A802C502FF /* Pods_realmI.framework */ = {isa = PBXFileReference; explicitFileType = wrapper.framework; includeInIndex = 0; path = Pods_realmI.framework; sourceTree = BUILT_PRODUCTS_DIR; };
		2AFA3236DE20DAE4EF86A641 /* Pods-realmI-realmIUITests.release.xcconfig */ = {isa = PBXFileReference; includeInIndex = 1; lastKnownFileType = text.xcconfig; name = "Pods-realmI-realmIUITests.release.xcconfig"; path = "Pods/Target Support Files/Pods-realmI-realmIUITests/Pods-realmI-realmIUITests.release.xcconfig"; sourceTree = "<group>"; };
		4ED4AA8712D6BAAA46DC7589 /* Pods_realmI_realmITests.framework */ = {isa = PBXFileReference; explicitFileType = wrapper.framework; includeInIndex = 0; path = Pods_realmI_realmITests.framework; sourceTree = BUILT_PRODUCTS_DIR; };
		51E0C7FCC826C3D2C83F9B64 /* Pods-realmI.release.xcconfig */ = {isa = PBXFileReference; includeInIndex = 1; lastKnownFileType = text.xcconfig; name = "Pods-realmI.release.xcconfig"; path = "Pods/Target Support Files/Pods-realmI/Pods-realmI.release.xcconfig"; sourceTree = "<group>"; };
		61FABF75C596B6B7840238F5 /* Pods_realmI_realmIUITests.framework */ = {isa = PBXFileReference; explicitFileType = wrapper.framework; includeInIndex = 0; path = Pods_realmI_realmIUITests.framework; sourceTree = BUILT_PRODUCTS_DIR; };
		6C138B57B3D92E6B4341756F /* Pods-realmI-realmIUITests.debug.xcconfig */ = {isa = PBXFileReference; includeInIndex = 1; lastKnownFileType = text.xcconfig; name = "Pods-realmI-realmIUITests.debug.xcconfig"; path = "Pods/Target Support Files/Pods-realmI-realmIUITests/Pods-realmI-realmIUITests.debug.xcconfig"; sourceTree = "<group>"; };
		A0DD8A9BE0C9BB85036B4237 /* Pods-realmI-realmITests.release.xcconfig */ = {isa = PBXFileReference; includeInIndex = 1; lastKnownFileType = text.xcconfig; name = "Pods-realmI-realmITests.release.xcconfig"; path = "Pods/Target Support Files/Pods-realmI-realmITests/Pods-realmI-realmITests.release.xcconfig"; sourceTree = "<group>"; };
		DA19080E1D52553C007D6480 /* WantlistTableViewCell.swift */ = {isa = PBXFileReference; fileEncoding = 4; lastKnownFileType = sourcecode.swift; path = WantlistTableViewCell.swift; sourceTree = "<group>"; };
		DA1908101D5255E0007D6480 /* Design.swift */ = {isa = PBXFileReference; fileEncoding = 4; lastKnownFileType = sourcecode.swift; path = Design.swift; sourceTree = "<group>"; };
		DA1908121D5255EB007D6480 /* FloatRatingView.swift */ = {isa = PBXFileReference; fileEncoding = 4; lastKnownFileType = sourcecode.swift; path = FloatRatingView.swift; sourceTree = "<group>"; };
		DA2235511D4B832B00ABA979 /* realmI.app */ = {isa = PBXFileReference; explicitFileType = wrapper.application; includeInIndex = 0; path = realmI.app; sourceTree = BUILT_PRODUCTS_DIR; };
		DA2235541D4B832B00ABA979 /* AppDelegate.swift */ = {isa = PBXFileReference; lastKnownFileType = sourcecode.swift; path = AppDelegate.swift; sourceTree = "<group>"; };
		DA22355B1D4B832B00ABA979 /* Assets.xcassets */ = {isa = PBXFileReference; lastKnownFileType = folder.assetcatalog; path = Assets.xcassets; sourceTree = "<group>"; };
		DA22355E1D4B832B00ABA979 /* Base */ = {isa = PBXFileReference; lastKnownFileType = file.storyboard; name = Base; path = Base.lproj/LaunchScreen.storyboard; sourceTree = "<group>"; };
		DA2235601D4B832B00ABA979 /* Info.plist */ = {isa = PBXFileReference; lastKnownFileType = text.plist.xml; path = Info.plist; sourceTree = "<group>"; };
		DA2235651D4B832B00ABA979 /* realmITests.xctest */ = {isa = PBXFileReference; explicitFileType = wrapper.cfbundle; includeInIndex = 0; path = realmITests.xctest; sourceTree = BUILT_PRODUCTS_DIR; };
		DA2235691D4B832B00ABA979 /* realmITests.swift */ = {isa = PBXFileReference; lastKnownFileType = sourcecode.swift; path = realmITests.swift; sourceTree = "<group>"; };
		DA22356B1D4B832B00ABA979 /* Info.plist */ = {isa = PBXFileReference; lastKnownFileType = text.plist.xml; path = Info.plist; sourceTree = "<group>"; };
		DA2235701D4B832B00ABA979 /* realmIUITests.xctest */ = {isa = PBXFileReference; explicitFileType = wrapper.cfbundle; includeInIndex = 0; path = realmIUITests.xctest; sourceTree = BUILT_PRODUCTS_DIR; };
		DA2235741D4B832B00ABA979 /* realmIUITests.swift */ = {isa = PBXFileReference; lastKnownFileType = sourcecode.swift; path = realmIUITests.swift; sourceTree = "<group>"; };
		DA2235761D4B832B00ABA979 /* Info.plist */ = {isa = PBXFileReference; lastKnownFileType = text.plist.xml; path = Info.plist; sourceTree = "<group>"; };
		DA2235841D4B852E00ABA979 /* Podfile */ = {isa = PBXFileReference; fileEncoding = 4; lastKnownFileType = text; path = Podfile; sourceTree = "<group>"; xcLanguageSpecificationIdentifier = xcode.lang.ruby; };
		DA76E1651D4F47F10060D181 /* ListViewController.swift */ = {isa = PBXFileReference; fileEncoding = 4; lastKnownFileType = sourcecode.swift; path = ListViewController.swift; sourceTree = "<group>"; };
		DAE5888B1D50F38E00D2677B /* RDataManager.swift */ = {isa = PBXFileReference; fileEncoding = 4; lastKnownFileType = sourcecode.swift; path = RDataManager.swift; sourceTree = "<group>"; };
		DAE5888C1D50F38F00D2677B /* RListWants.swift */ = {isa = PBXFileReference; fileEncoding = 4; lastKnownFileType = sourcecode.swift; path = RListWants.swift; sourceTree = "<group>"; };
		E09B0E2FDC115C7A564C1DC2 /* Pods-realmI-realmITests.debug.xcconfig */ = {isa = PBXFileReference; includeInIndex = 1; lastKnownFileType = text.xcconfig; name = "Pods-realmI-realmITests.debug.xcconfig"; path = "Pods/Target Support Files/Pods-realmI-realmITests/Pods-realmI-realmITests.debug.xcconfig"; sourceTree = "<group>"; };
		F4F539436BDFE306AB13C68E /* Pods-realmI.debug.xcconfig */ = {isa = PBXFileReference; includeInIndex = 1; lastKnownFileType = text.xcconfig; name = "Pods-realmI.debug.xcconfig"; path = "Pods/Target Support Files/Pods-realmI/Pods-realmI.debug.xcconfig"; sourceTree = "<group>"; };
/* End PBXFileReference section */

/* Begin PBXFrameworksBuildPhase section */
		DA22354E1D4B832B00ABA979 /* Frameworks */ = {
			isa = PBXFrameworksBuildPhase;
			buildActionMask = 2147483647;
			files = (
				B3D6F4A393F45704FBDC7B52 /* Pods_realmI.framework in Frameworks */,
			);
			runOnlyForDeploymentPostprocessing = 0;
		};
		DA2235621D4B832B00ABA979 /* Frameworks */ = {
			isa = PBXFrameworksBuildPhase;
			buildActionMask = 2147483647;
			files = (
				7E5BBE48284DDB5E2DE26DCA /* Pods_realmI_realmITests.framework in Frameworks */,
			);
			runOnlyForDeploymentPostprocessing = 0;
		};
		DA22356D1D4B832B00ABA979 /* Frameworks */ = {
			isa = PBXFrameworksBuildPhase;
			buildActionMask = 2147483647;
			files = (
				E3493C8752511D27797F550B /* Pods_realmI_realmIUITests.framework in Frameworks */,
			);
			runOnlyForDeploymentPostprocessing = 0;
		};
/* End PBXFrameworksBuildPhase section */

/* Begin PBXGroup section */
		873A10A9F666EAEE531B0703 /* Pods */ = {
			isa = PBXGroup;
			children = (
				F4F539436BDFE306AB13C68E /* Pods-realmI.debug.xcconfig */,
				51E0C7FCC826C3D2C83F9B64 /* Pods-realmI.release.xcconfig */,
				E09B0E2FDC115C7A564C1DC2 /* Pods-realmI-realmITests.debug.xcconfig */,
				A0DD8A9BE0C9BB85036B4237 /* Pods-realmI-realmITests.release.xcconfig */,
				6C138B57B3D92E6B4341756F /* Pods-realmI-realmIUITests.debug.xcconfig */,
				2AFA3236DE20DAE4EF86A641 /* Pods-realmI-realmIUITests.release.xcconfig */,
			);
			name = Pods;
			sourceTree = "<group>";
		};
		878AF484DCAFAA63C16B3B24 /* Frameworks */ = {
			isa = PBXGroup;
			children = (
				0EA1AC19010D71A802C502FF /* Pods_realmI.framework */,
				4ED4AA8712D6BAAA46DC7589 /* Pods_realmI_realmITests.framework */,
				61FABF75C596B6B7840238F5 /* Pods_realmI_realmIUITests.framework */,
			);
			name = Frameworks;
			sourceTree = "<group>";
		};
		DA19080C1D52550A007D6480 /* ViewControllers */ = {
			isa = PBXGroup;
			children = (
				DA76E1651D4F47F10060D181 /* ListViewController.swift */,
			);
			name = ViewControllers;
			sourceTree = "<group>";
		};
		DA19080D1D52552D007D6480 /* Cell */ = {
			isa = PBXGroup;
			children = (
				DA19080E1D52553C007D6480 /* WantlistTableViewCell.swift */,
			);
			name = Cell;
			sourceTree = "<group>";
		};
		DA2235481D4B832B00ABA979 = {
			isa = PBXGroup;
			children = (
				DA2235841D4B852E00ABA979 /* Podfile */,
				DA2235531D4B832B00ABA979 /* realmI */,
				DA2235681D4B832B00ABA979 /* realmITests */,
				DA2235731D4B832B00ABA979 /* realmIUITests */,
				DA2235521D4B832B00ABA979 /* Products */,
				873A10A9F666EAEE531B0703 /* Pods */,
				878AF484DCAFAA63C16B3B24 /* Frameworks */,
			);
			sourceTree = "<group>";
		};
		DA2235521D4B832B00ABA979 /* Products */ = {
			isa = PBXGroup;
			children = (
				DA2235511D4B832B00ABA979 /* realmI.app */,
				DA2235651D4B832B00ABA979 /* realmITests.xctest */,
				DA2235701D4B832B00ABA979 /* realmIUITests.xctest */,
			);
			name = Products;
			sourceTree = "<group>";
		};
		DA2235531D4B832B00ABA979 /* realmI */ = {
			isa = PBXGroup;
			children = (
				DA1908101D5255E0007D6480 /* Design.swift */,
				DA2235541D4B832B00ABA979 /* AppDelegate.swift */,
				DA22355B1D4B832B00ABA979 /* Assets.xcassets */,
				DA22355D1D4B832B00ABA979 /* LaunchScreen.storyboard */,
				DA2235601D4B832B00ABA979 /* Info.plist */,
				DA1908121D5255EB007D6480 /* FloatRatingView.swift */,
				DA19080D1D52552D007D6480 /* Cell */,
				DA19080C1D52550A007D6480 /* ViewControllers */,
				DAE588911D50F3A100D2677B /* Model */,
			);
			path = realmI;
			sourceTree = "<group>";
		};
		DA2235681D4B832B00ABA979 /* realmITests */ = {
			isa = PBXGroup;
			children = (
				DA2235691D4B832B00ABA979 /* realmITests.swift */,
				DA22356B1D4B832B00ABA979 /* Info.plist */,
			);
			path = realmITests;
			sourceTree = "<group>";
		};
		DA2235731D4B832B00ABA979 /* realmIUITests */ = {
			isa = PBXGroup;
			children = (
				DA2235741D4B832B00ABA979 /* realmIUITests.swift */,
				DA2235761D4B832B00ABA979 /* Info.plist */,
			);
			path = realmIUITests;
			sourceTree = "<group>";
		};
		DAE588911D50F3A100D2677B /* Model */ = {
			isa = PBXGroup;
			children = (
				DAE5888B1D50F38E00D2677B /* RDataManager.swift */,
				DAE5888C1D50F38F00D2677B /* RListWants.swift */,
			);
			name = Model;
			sourceTree = "<group>";
		};
/* End PBXGroup section */

/* Begin PBXNativeTarget section */
		DA2235501D4B832B00ABA979 /* realmI */ = {
			isa = PBXNativeTarget;
			buildConfigurationList = DA2235791D4B832B00ABA979 /* Build configuration list for PBXNativeTarget "realmI" */;
			buildPhases = (
				49748E27246DC0A1CF6A4DBB /* [CP] Check Pods Manifest.lock */,
				DA22354D1D4B832B00ABA979 /* Sources */,
				DA22354E1D4B832B00ABA979 /* Frameworks */,
				DA22354F1D4B832B00ABA979 /* Resources */,
				80B5C75305C87996174D6A7F /* [CP] Embed Pods Frameworks */,
				D497C41D0A9A2DF07286B5E9 /* [CP] Copy Pods Resources */,
			);
			buildRules = (
			);
			dependencies = (
			);
			name = realmI;
			productName = realmI;
			productReference = DA2235511D4B832B00ABA979 /* realmI.app */;
			productType = "com.apple.product-type.application";
		};
		DA2235641D4B832B00ABA979 /* realmITests */ = {
			isa = PBXNativeTarget;
			buildConfigurationList = DA22357C1D4B832B00ABA979 /* Build configuration list for PBXNativeTarget "realmITests" */;
			buildPhases = (
				2A98836C1D9FAFDDAB1AA422 /* [CP] Check Pods Manifest.lock */,
				DA2235611D4B832B00ABA979 /* Sources */,
				DA2235621D4B832B00ABA979 /* Frameworks */,
				DA2235631D4B832B00ABA979 /* Resources */,
				1ACA53FDD3EC3A55C8FD7BDC /* [CP] Embed Pods Frameworks */,
				2571CE986AD1FDE1F06CDECD /* [CP] Copy Pods Resources */,
			);
			buildRules = (
			);
			dependencies = (
				DA2235671D4B832B00ABA979 /* PBXTargetDependency */,
			);
			name = realmITests;
			productName = realmITests;
			productReference = DA2235651D4B832B00ABA979 /* realmITests.xctest */;
			productType = "com.apple.product-type.bundle.unit-test";
		};
		DA22356F1D4B832B00ABA979 /* realmIUITests */ = {
			isa = PBXNativeTarget;
			buildConfigurationList = DA22357F1D4B832B00ABA979 /* Build configuration list for PBXNativeTarget "realmIUITests" */;
			buildPhases = (
				08B1ECAB1942C078599C2AE3 /* [CP] Check Pods Manifest.lock */,
				DA22356C1D4B832B00ABA979 /* Sources */,
				DA22356D1D4B832B00ABA979 /* Frameworks */,
				DA22356E1D4B832B00ABA979 /* Resources */,
				9707D647193D7BD87BC2DA3F /* [CP] Embed Pods Frameworks */,
				D8EF144317B6C4E0E7D79912 /* [CP] Copy Pods Resources */,
			);
			buildRules = (
			);
			dependencies = (
				DA2235721D4B832B00ABA979 /* PBXTargetDependency */,
			);
			name = realmIUITests;
			productName = realmIUITests;
			productReference = DA2235701D4B832B00ABA979 /* realmIUITests.xctest */;
			productType = "com.apple.product-type.bundle.ui-testing";
		};
/* End PBXNativeTarget section */

/* Begin PBXProject section */
		DA2235491D4B832B00ABA979 /* Project object */ = {
			isa = PBXProject;
			attributes = {
				LastSwiftUpdateCheck = 0730;
				LastUpgradeCheck = 0730;
				ORGANIZATIONNAME = courses;
				TargetAttributes = {
					DA2235501D4B832B00ABA979 = {
						CreatedOnToolsVersion = 7.3.1;
					};
					DA2235641D4B832B00ABA979 = {
						CreatedOnToolsVersion = 7.3.1;
						TestTargetID = DA2235501D4B832B00ABA979;
					};
					DA22356F1D4B832B00ABA979 = {
						CreatedOnToolsVersion = 7.3.1;
						TestTargetID = DA2235501D4B832B00ABA979;
					};
				};
			};
			buildConfigurationList = DA22354C1D4B832B00ABA979 /* Build configuration list for PBXProject "realmI" */;
			compatibilityVersion = "Xcode 3.2";
			developmentRegion = English;
			hasScannedForEncodings = 0;
			knownRegions = (
				en,
				Base,
			);
			mainGroup = DA2235481D4B832B00ABA979;
			productRefGroup = DA2235521D4B832B00ABA979 /* Products */;
			projectDirPath = "";
			projectRoot = "";
			targets = (
				DA2235501D4B832B00ABA979 /* realmI */,
				DA2235641D4B832B00ABA979 /* realmITests */,
				DA22356F1D4B832B00ABA979 /* realmIUITests */,
			);
		};
/* End PBXProject section */

/* Begin PBXResourcesBuildPhase section */
		DA22354F1D4B832B00ABA979 /* Resources */ = {
			isa = PBXResourcesBuildPhase;
			buildActionMask = 2147483647;
			files = (
				DA22355F1D4B832B00ABA979 /* LaunchScreen.storyboard in Resources */,
				DA22355C1D4B832B00ABA979 /* Assets.xcassets in Resources */,
				DA2235851D4B852E00ABA979 /* Podfile in Resources */,
			);
			runOnlyForDeploymentPostprocessing = 0;
		};
		DA2235631D4B832B00ABA979 /* Resources */ = {
			isa = PBXResourcesBuildPhase;
			buildActionMask = 2147483647;
			files = (
			);
			runOnlyForDeploymentPostprocessing = 0;
		};
		DA22356E1D4B832B00ABA979 /* Resources */ = {
			isa = PBXResourcesBuildPhase;
			buildActionMask = 2147483647;
			files = (
			);
			runOnlyForDeploymentPostprocessing = 0;
		};
/* End PBXResourcesBuildPhase section */

/* Begin PBXShellScriptBuildPhase section */
		08B1ECAB1942C078599C2AE3 /* [CP] Check Pods Manifest.lock */ = {
			isa = PBXShellScriptBuildPhase;
			buildActionMask = 2147483647;
			files = (
			);
			inputPaths = (
			);
			name = "[CP] Check Pods Manifest.lock";
			outputPaths = (
			);
			runOnlyForDeploymentPostprocessing = 0;
			shellPath = /bin/sh;
			shellScript = "diff \"${PODS_ROOT}/../Podfile.lock\" \"${PODS_ROOT}/Manifest.lock\" > /dev/null\nif [ $? != 0 ] ; then\n    # print error to STDERR\n    echo \"error: The sandbox is not in sync with the Podfile.lock. Run 'pod install' or update your CocoaPods installation.\" >&2\n    exit 1\nfi\n";
			showEnvVarsInLog = 0;
		};
		1ACA53FDD3EC3A55C8FD7BDC /* [CP] Embed Pods Frameworks */ = {
			isa = PBXShellScriptBuildPhase;
			buildActionMask = 2147483647;
			files = (
			);
			inputPaths = (
			);
			name = "[CP] Embed Pods Frameworks";
			outputPaths = (
			);
			runOnlyForDeploymentPostprocessing = 0;
			shellPath = /bin/sh;
			shellScript = "\"${SRCROOT}/Pods/Target Support Files/Pods-realmI-realmITests/Pods-realmI-realmITests-frameworks.sh\"\n";
			showEnvVarsInLog = 0;
		};
		2571CE986AD1FDE1F06CDECD /* [CP] Copy Pods Resources */ = {
			isa = PBXShellScriptBuildPhase;
			buildActionMask = 2147483647;
			files = (
			);
			inputPaths = (
			);
			name = "[CP] Copy Pods Resources";
			outputPaths = (
			);
			runOnlyForDeploymentPostprocessing = 0;
			shellPath = /bin/sh;
			shellScript = "\"${SRCROOT}/Pods/Target Support Files/Pods-realmI-realmITests/Pods-realmI-realmITests-resources.sh\"\n";
			showEnvVarsInLog = 0;
		};
		2A98836C1D9FAFDDAB1AA422 /* [CP] Check Pods Manifest.lock */ = {
			isa = PBXShellScriptBuildPhase;
			buildActionMask = 2147483647;
			files = (
			);
			inputPaths = (
			);
			name = "[CP] Check Pods Manifest.lock";
			outputPaths = (
			);
			runOnlyForDeploymentPostprocessing = 0;
			shellPath = /bin/sh;
			shellScript = "diff \"${PODS_ROOT}/../Podfile.lock\" \"${PODS_ROOT}/Manifest.lock\" > /dev/null\nif [ $? != 0 ] ; then\n    # print error to STDERR\n    echo \"error: The sandbox is not in sync with the Podfile.lock. Run 'pod install' or update your CocoaPods installation.\" >&2\n    exit 1\nfi\n";
			showEnvVarsInLog = 0;
		};
		49748E27246DC0A1CF6A4DBB /* [CP] Check Pods Manifest.lock */ = {
			isa = PBXShellScriptBuildPhase;
			buildActionMask = 2147483647;
			files = (
			);
			inputPaths = (
			);
			name = "[CP] Check Pods Manifest.lock";
			outputPaths = (
			);
			runOnlyForDeploymentPostprocessing = 0;
			shellPath = /bin/sh;
			shellScript = "diff \"${PODS_ROOT}/../Podfile.lock\" \"${PODS_ROOT}/Manifest.lock\" > /dev/null\nif [ $? != 0 ] ; then\n    # print error to STDERR\n    echo \"error: The sandbox is not in sync with the Podfile.lock. Run 'pod install' or update your CocoaPods installation.\" >&2\n    exit 1\nfi\n";
			showEnvVarsInLog = 0;
		};
		80B5C75305C87996174D6A7F /* [CP] Embed Pods Frameworks */ = {
			isa = PBXShellScriptBuildPhase;
			buildActionMask = 2147483647;
			files = (
			);
			inputPaths = (
			);
			name = "[CP] Embed Pods Frameworks";
			outputPaths = (
			);
			runOnlyForDeploymentPostprocessing = 0;
			shellPath = /bin/sh;
			shellScript = "\"${SRCROOT}/Pods/Target Support Files/Pods-realmI/Pods-realmI-frameworks.sh\"\n";
			showEnvVarsInLog = 0;
		};
		9707D647193D7BD87BC2DA3F /* [CP] Embed Pods Frameworks */ = {
			isa = PBXShellScriptBuildPhase;
			buildActionMask = 2147483647;
			files = (
			);
			inputPaths = (
			);
			name = "[CP] Embed Pods Frameworks";
			outputPaths = (
			);
			runOnlyForDeploymentPostprocessing = 0;
			shellPath = /bin/sh;
			shellScript = "\"${SRCROOT}/Pods/Target Support Files/Pods-realmI-realmIUITests/Pods-realmI-realmIUITests-frameworks.sh\"\n";
			showEnvVarsInLog = 0;
		};
		D497C41D0A9A2DF07286B5E9 /* [CP] Copy Pods Resources */ = {
			isa = PBXShellScriptBuildPhase;
			buildActionMask = 2147483647;
			files = (
			);
			inputPaths = (
			);
			name = "[CP] Copy Pods Resources";
			outputPaths = (
			);
			runOnlyForDeploymentPostprocessing = 0;
			shellPath = /bin/sh;
			shellScript = "\"${SRCROOT}/Pods/Target Support Files/Pods-realmI/Pods-realmI-resources.sh\"\n";
			showEnvVarsInLog = 0;
		};
		D8EF144317B6C4E0E7D79912 /* [CP] Copy Pods Resources */ = {
			isa = PBXShellScriptBuildPhase;
			buildActionMask = 2147483647;
			files = (
			);
			inputPaths = (
			);
			name = "[CP] Copy Pods Resources";
			outputPaths = (
			);
			runOnlyForDeploymentPostprocessing = 0;
			shellPath = /bin/sh;
			shellScript = "\"${SRCROOT}/Pods/Target Support Files/Pods-realmI-realmIUITests/Pods-realmI-realmIUITests-resources.sh\"\n";
			showEnvVarsInLog = 0;
		};
/* End PBXShellScriptBuildPhase section */

/* Begin PBXSourcesBuildPhase section */
		DA22354D1D4B832B00ABA979 /* Sources */ = {
			isa = PBXSourcesBuildPhase;
			buildActionMask = 2147483647;
			files = (
				DA1908111D5255E0007D6480 /* Design.swift in Sources */,
				DAE5888E1D50F38F00D2677B /* RListWants.swift in Sources */,
				DAE5888D1D50F38F00D2677B /* RDataManager.swift in Sources */,
				DA76E1661D4F47F10060D181 /* ListViewController.swift in Sources */,
				DA19080F1D52553C007D6480 /* WantlistTableViewCell.swift in Sources */,
				DA1908131D5255EB007D6480 /* FloatRatingView.swift in Sources */,
				DA2235551D4B832B00ABA979 /* AppDelegate.swift in Sources */,
			);
			runOnlyForDeploymentPostprocessing = 0;
		};
		DA2235611D4B832B00ABA979 /* Sources */ = {
			isa = PBXSourcesBuildPhase;
			buildActionMask = 2147483647;
			files = (
				DA22356A1D4B832B00ABA979 /* realmITests.swift in Sources */,
			);
			runOnlyForDeploymentPostprocessing = 0;
		};
		DA22356C1D4B832B00ABA979 /* Sources */ = {
			isa = PBXSourcesBuildPhase;
			buildActionMask = 2147483647;
			files = (
				DA2235751D4B832B00ABA979 /* realmIUITests.swift in Sources */,
			);
			runOnlyForDeploymentPostprocessing = 0;
		};
/* End PBXSourcesBuildPhase section */

/* Begin PBXTargetDependency section */
		DA2235671D4B832B00ABA979 /* PBXTargetDependency */ = {
			isa = PBXTargetDependency;
			target = DA2235501D4B832B00ABA979 /* realmI */;
			targetProxy = DA2235661D4B832B00ABA979 /* PBXContainerItemProxy */;
		};
		DA2235721D4B832B00ABA979 /* PBXTargetDependency */ = {
			isa = PBXTargetDependency;
			target = DA2235501D4B832B00ABA979 /* realmI */;
			targetProxy = DA2235711D4B832B00ABA979 /* PBXContainerItemProxy */;
		};
/* End PBXTargetDependency section */

/* Begin PBXVariantGroup section */
		DA22355D1D4B832B00ABA979 /* LaunchScreen.storyboard */ = {
			isa = PBXVariantGroup;
			children = (
				DA22355E1D4B832B00ABA979 /* Base */,
			);
			name = LaunchScreen.storyboard;
			sourceTree = "<group>";
		};
/* End PBXVariantGroup section */

/* Begin XCBuildConfiguration section */
		DA2235771D4B832B00ABA979 /* Debug */ = {
			isa = XCBuildConfiguration;
			buildSettings = {
				ALWAYS_SEARCH_USER_PATHS = NO;
				CLANG_ANALYZER_NONNULL = YES;
				CLANG_CXX_LANGUAGE_STANDARD = "gnu++0x";
				CLANG_CXX_LIBRARY = "libc++";
				CLANG_ENABLE_MODULES = YES;
				CLANG_ENABLE_OBJC_ARC = YES;
				CLANG_WARN_BOOL_CONVERSION = YES;
				CLANG_WARN_CONSTANT_CONVERSION = YES;
				CLANG_WARN_DIRECT_OBJC_ISA_USAGE = YES_ERROR;
				CLANG_WARN_EMPTY_BODY = YES;
				CLANG_WARN_ENUM_CONVERSION = YES;
				CLANG_WARN_INT_CONVERSION = YES;
				CLANG_WARN_OBJC_ROOT_CLASS = YES_ERROR;
				CLANG_WARN_UNREACHABLE_CODE = YES;
				CLANG_WARN__DUPLICATE_METHOD_MATCH = YES;
				"CODE_SIGN_IDENTITY[sdk=iphoneos*]" = "iPhone Developer";
				COPY_PHASE_STRIP = NO;
				DEBUG_INFORMATION_FORMAT = dwarf;
				ENABLE_STRICT_OBJC_MSGSEND = YES;
				ENABLE_TESTABILITY = YES;
				GCC_C_LANGUAGE_STANDARD = gnu99;
				GCC_DYNAMIC_NO_PIC = NO;
				GCC_NO_COMMON_BLOCKS = YES;
				GCC_OPTIMIZATION_LEVEL = 0;
				GCC_PREPROCESSOR_DEFINITIONS = (
					"DEBUG=1",
					"$(inherited)",
				);
				GCC_WARN_64_TO_32_BIT_CONVERSION = YES;
				GCC_WARN_ABOUT_RETURN_TYPE = YES_ERROR;
				GCC_WARN_UNDECLARED_SELECTOR = YES;
				GCC_WARN_UNINITIALIZED_AUTOS = YES_AGGRESSIVE;
				GCC_WARN_UNUSED_FUNCTION = YES;
				GCC_WARN_UNUSED_VARIABLE = YES;
				IPHONEOS_DEPLOYMENT_TARGET = 9.3;
				MTL_ENABLE_DEBUG_INFO = YES;
				ONLY_ACTIVE_ARCH = YES;
				SDKROOT = iphoneos;
				SWIFT_OPTIMIZATION_LEVEL = "-Onone";
			};
			name = Debug;
		};
		DA2235781D4B832B00ABA979 /* Release */ = {
			isa = XCBuildConfiguration;
			buildSettings = {
				ALWAYS_SEARCH_USER_PATHS = NO;
				CLANG_ANALYZER_NONNULL = YES;
				CLANG_CXX_LANGUAGE_STANDARD = "gnu++0x";
				CLANG_CXX_LIBRARY = "libc++";
				CLANG_ENABLE_MODULES = YES;
				CLANG_ENABLE_OBJC_ARC = YES;
				CLANG_WARN_BOOL_CONVERSION = YES;
				CLANG_WARN_CONSTANT_CONVERSION = YES;
				CLANG_WARN_DIRECT_OBJC_ISA_USAGE = YES_ERROR;
				CLANG_WARN_EMPTY_BODY = YES;
				CLANG_WARN_ENUM_CONVERSION = YES;
				CLANG_WARN_INT_CONVERSION = YES;
				CLANG_WARN_OBJC_ROOT_CLASS = YES_ERROR;
				CLANG_WARN_UNREACHABLE_CODE = YES;
				CLANG_WARN__DUPLICATE_METHOD_MATCH = YES;
				"CODE_SIGN_IDENTITY[sdk=iphoneos*]" = "iPhone Developer";
				COPY_PHASE_STRIP = NO;
				DEBUG_INFORMATION_FORMAT = "dwarf-with-dsym";
				ENABLE_NS_ASSERTIONS = NO;
				ENABLE_STRICT_OBJC_MSGSEND = YES;
				GCC_C_LANGUAGE_STANDARD = gnu99;
				GCC_NO_COMMON_BLOCKS = YES;
				GCC_WARN_64_TO_32_BIT_CONVERSION = YES;
				GCC_WARN_ABOUT_RETURN_TYPE = YES_ERROR;
				GCC_WARN_UNDECLARED_SELECTOR = YES;
				GCC_WARN_UNINITIALIZED_AUTOS = YES_AGGRESSIVE;
				GCC_WARN_UNUSED_FUNCTION = YES;
				GCC_WARN_UNUSED_VARIABLE = YES;
				IPHONEOS_DEPLOYMENT_TARGET = 9.3;
				MTL_ENABLE_DEBUG_INFO = NO;
				SDKROOT = iphoneos;
				VALIDATE_PRODUCT = YES;
			};
			name = Release;
		};
		DA22357A1D4B832B00ABA979 /* Debug */ = {
			isa = XCBuildConfiguration;
			baseConfigurationReference = F4F539436BDFE306AB13C68E /* Pods-realmI.debug.xcconfig */;
			buildSettings = {
				ASSETCATALOG_COMPILER_APPICON_NAME = AppIcon;
				INFOPLIST_FILE = realmI/Info.plist;
				LD_RUNPATH_SEARCH_PATHS = "$(inherited) @executable_path/Frameworks";
				PRODUCT_BUNDLE_IDENTIFIER = com.hyuna.inc.realmI;
				PRODUCT_NAME = "$(TARGET_NAME)";
			};
			name = Debug;
		};
		DA22357B1D4B832B00ABA979 /* Release */ = {
			isa = XCBuildConfiguration;
			baseConfigurationReference = 51E0C7FCC826C3D2C83F9B64 /* Pods-realmI.release.xcconfig */;
			buildSettings = {
				ASSETCATALOG_COMPILER_APPICON_NAME = AppIcon;
				INFOPLIST_FILE = realmI/Info.plist;
				LD_RUNPATH_SEARCH_PATHS = "$(inherited) @executable_path/Frameworks";
				PRODUCT_BUNDLE_IDENTIFIER = com.hyuna.inc.realmI;
				PRODUCT_NAME = "$(TARGET_NAME)";
			};
			name = Release;
		};
		DA22357D1D4B832B00ABA979 /* Debug */ = {
			isa = XCBuildConfiguration;
			baseConfigurationReference = E09B0E2FDC115C7A564C1DC2 /* Pods-realmI-realmITests.debug.xcconfig */;
			buildSettings = {
				BUNDLE_LOADER = "$(TEST_HOST)";
				INFOPLIST_FILE = realmITests/Info.plist;
				LD_RUNPATH_SEARCH_PATHS = "$(inherited) @executable_path/Frameworks @loader_path/Frameworks";
				PRODUCT_BUNDLE_IDENTIFIER = com.hyuna.inc.realmITests;
				PRODUCT_NAME = "$(TARGET_NAME)";
				TEST_HOST = "$(BUILT_PRODUCTS_DIR)/realmI.app/realmI";
			};
			name = Debug;
		};
		DA22357E1D4B832B00ABA979 /* Release */ = {
			isa = XCBuildConfiguration;
			baseConfigurationReference = A0DD8A9BE0C9BB85036B4237 /* Pods-realmI-realmITests.release.xcconfig */;
			buildSettings = {
				BUNDLE_LOADER = "$(TEST_HOST)";
				INFOPLIST_FILE = realmITests/Info.plist;
				LD_RUNPATH_SEARCH_PATHS = "$(inherited) @executable_path/Frameworks @loader_path/Frameworks";
				PRODUCT_BUNDLE_IDENTIFIER = com.hyuna.inc.realmITests;
				PRODUCT_NAME = "$(TARGET_NAME)";
				TEST_HOST = "$(BUILT_PRODUCTS_DIR)/realmI.app/realmI";
			};
			name = Release;
		};
		DA2235801D4B832B00ABA979 /* Debug */ = {
			isa = XCBuildConfiguration;
			baseConfigurationReference = 6C138B57B3D92E6B4341756F /* Pods-realmI-realmIUITests.debug.xcconfig */;
			buildSettings = {
				INFOPLIST_FILE = realmIUITests/Info.plist;
				LD_RUNPATH_SEARCH_PATHS = "$(inherited) @executable_path/Frameworks @loader_path/Frameworks";
				PRODUCT_BUNDLE_IDENTIFIER = com.hyuna.inc.realmIUITests;
				PRODUCT_NAME = "$(TARGET_NAME)";
				TEST_TARGET_NAME = realmI;
			};
			name = Debug;
		};
		DA2235811D4B832B00ABA979 /* Release */ = {
			isa = XCBuildConfiguration;
			baseConfigurationReference = 2AFA3236DE20DAE4EF86A641 /* Pods-realmI-realmIUITests.release.xcconfig */;
			buildSettings = {
				INFOPLIST_FILE = realmIUITests/Info.plist;
				LD_RUNPATH_SEARCH_PATHS = "$(inherited) @executable_path/Frameworks @loader_path/Frameworks";
				PRODUCT_BUNDLE_IDENTIFIER = com.hyuna.inc.realmIUITests;
				PRODUCT_NAME = "$(TARGET_NAME)";
				TEST_TARGET_NAME = realmI;
			};
			name = Release;
		};
/* End XCBuildConfiguration section */

/* Begin XCConfigurationList section */
		DA22354C1D4B832B00ABA979 /* Build configuration list for PBXProject "realmI" */ = {
			isa = XCConfigurationList;
			buildConfigurations = (
				DA2235771D4B832B00ABA979 /* Debug */,
				DA2235781D4B832B00ABA979 /* Release */,
			);
			defaultConfigurationIsVisible = 0;
			defaultConfigurationName = Release;
		};
		DA2235791D4B832B00ABA979 /* Build configuration list for PBXNativeTarget "realmI" */ = {
			isa = XCConfigurationList;
			buildConfigurations = (
				DA22357A1D4B832B00ABA979 /* Debug */,
				DA22357B1D4B832B00ABA979 /* Release */,
			);
			defaultConfigurationIsVisible = 0;
			defaultConfigurationName = Release;
		};
		DA22357C1D4B832B00ABA979 /* Build configuration list for PBXNativeTarget "realmITests" */ = {
			isa = XCConfigurationList;
			buildConfigurations = (
				DA22357D1D4B832B00ABA979 /* Debug */,
				DA22357E1D4B832B00ABA979 /* Release */,
			);
			defaultConfigurationIsVisible = 0;
			defaultConfigurationName = Release;
		};
		DA22357F1D4B832B00ABA979 /* Build configuration list for PBXNativeTarget "realmIUITests" */ = {
			isa = XCConfigurationList;
			buildConfigurations = (
				DA2235801D4B832B00ABA979 /* Debug */,
				DA2235811D4B832B00ABA979 /* Release */,
			);
			defaultConfigurationIsVisible = 0;
			defaultConfigurationName = Release;
		};
/* End XCConfigurationList section */
	};
	rootObject = DA2235491D4B832B00ABA979 /* Project object */;
}
